
Microsoft Visual Studio Solution File, Format Version 12.00
# Visual Studio Version 16
VisualStudioVersion = 16.0.30907.101
MinimumVisualStudioVersion = 10.0.40219.1
Project("{FAE04EC0-301F-11D3-BF4B-00C04F79EFBC}") = "stamples", "stamples\stamples.csproj", "{575BEE7F-0C88-4CB9-9C47-F946BC9B691F}"
EndProject
Global
	GlobalSection(SolutionConfigurationPlatforms) = preSolution
		Debug|Any CPU = Debug|Any CPU
		Release|Any CPU = Release|Any CPU
	EndGlobalSection
	GlobalSection(ProjectConfigurationPlatforms) = postSolution
		{575BEE7F-0C88-4CB9-9C47-F946BC9B691F}.Debug|Any CPU.ActiveCfg = Debug|Any CPU
		{575BEE7F-0C88-4CB9-9C47-F946BC9B691F}.Debug|Any CPU.Build.0 = Debug|Any CPU
		{575BEE7F-0C88-4CB9-9C47-F946BC9B691F}.Release|Any CPU.ActiveCfg = Release|Any CPU
		{575BEE7F-0C88-4CB9-9C47-F946BC9B691F}.Release|Any CPU.Build.0 = Release|Any CPU
	EndGlobalSection
	GlobalSection(SolutionProperties) = preSolution
		HideSolutionNode = FALSE
	EndGlobalSection
	GlobalSection(ExtensibilityGlobals) = postSolution
		SolutionGuid = {AE2A8475-81A8-4B53-906D-48C106061385}
	EndGlobalSection
EndGlobal
